
Microsoft Visual Studio Solution File, Format Version 12.00
# Visual Studio 2013
VisualStudioVersion = 12.0.40629.0
MinimumVisualStudioVersion = 10.0.40219.1
Project("{FAE04EC0-301F-11D3-BF4B-00C04F79EFBC}") = "ReadEventLogs", "ReadEventLogs\ReadEventLogs.csproj", "{9102D47C-F891-4AD4-B665-9C916E8A7AFA}"
EndProject
Global
	GlobalSection(SolutionConfigurationPlatforms) = preSolution
		Debug|Any CPU = Debug|Any CPU
		Release|Any CPU = Release|Any CPU
	EndGlobalSection
	GlobalSection(ProjectConfigurationPlatforms) = postSolution
		{9102D47C-F891-4AD4-B665-9C916E8A7AFA}.Debug|Any CPU.ActiveCfg = Debug|Any CPU
		{9102D47C-F891-4AD4-B665-9C916E8A7AFA}.Debug|Any CPU.Build.0 = Debug|Any CPU
		{9102D47C-F891-4AD4-B665-9C916E8A7AFA}.Release|Any CPU.ActiveCfg = Release|Any CPU
		{9102D47C-F891-4AD4-B665-9C916E8A7AFA}.Release|Any CPU.Build.0 = Release|Any CPU
	EndGlobalSection
	GlobalSection(SolutionProperties) = preSolution
		HideSolutionNode = FALSE
	EndGlobalSection
EndGlobal
